
Microsoft Visual Studio Solution File, Format Version 12.00
# Visual Studio Version 17
VisualStudioVersion = 17.3.32929.385
MinimumVisualStudioVersion = 10.0.40219.1
Project("{FAE04EC0-301F-11D3-BF4B-00C04F79EFBC}") = "ovidiu ciobota lab 3", "ovidiu ciobota lab 3.csproj", "{8B7E0046-DF9F-4127-B7E2-5FA30BFA037C}"
EndProject
Global
	GlobalSection(SolutionConfigurationPlatforms) = preSolution
		Debug|Any CPU = Debug|Any CPU
		Release|Any CPU = Release|Any CPU
	EndGlobalSection
	GlobalSection(ProjectConfigurationPlatforms) = postSolution
		{8B7E0046-DF9F-4127-B7E2-5FA30BFA037C}.Debug|Any CPU.ActiveCfg = Debug|Any CPU
		{8B7E0046-DF9F-4127-B7E2-5FA30BFA037C}.Debug|Any CPU.Build.0 = Debug|Any CPU
		{8B7E0046-DF9F-4127-B7E2-5FA30BFA037C}.Release|Any CPU.ActiveCfg = Release|Any CPU
		{8B7E0046-DF9F-4127-B7E2-5FA30BFA037C}.Release|Any CPU.Build.0 = Release|Any CPU
	EndGlobalSection
	GlobalSection(SolutionProperties) = preSolution
		HideSolutionNode = FALSE
	EndGlobalSection
	GlobalSection(ExtensibilityGlobals) = postSolution
		SolutionGuid = {6EC3DDB0-FA80-48A5-B8EA-87CBEDB97BEB}
	EndGlobalSection
EndGlobal
